{
  "name": "specsinfo",
  "version": "1.0",
  "lockfileVersion": 2,
  "requires": true,
  "packages": {
    "": {
      "name": "specsinfo",
      "version": "1.0",
      "license": "MIT",
      "dependencies": {
        "progress": "^2.0.3",
        "systeminformation": "^5.22.11"
      }
    },
    "node_modules/progress": {
      "version": "2.0.3",
      "resolved": "https://registry.npmjs.org/progress/-/progress-2.0.3.tgz",
      "integrity": "sha512-7PiHtLll5LdnKIMw100I+8xJXR5gW2QwWYkT6iJva0bXitZKa/XMrSbdmg3r2Xnaidz9Qumd0VPaMrZlF9V9sA==",
      "engines": {
        "node": ">=0.4.0"
      }
    },
    "node_modules/systeminformation": {
      "version": "5.22.11",
      "resolved": "https://registry.npmjs.org/systeminformation/-/systeminformation-5.22.11.tgz",
      "integrity": "sha512-aLws5yi4KCHTb0BVvbodQY5bY8eW4asMRDTxTW46hqw9lGjACX6TlLdJrkdoHYRB0qs+MekqEq1zG7WDnWE8Ug==",
      "os": [
        "darwin",
        "linux",
        "win32",
        "freebsd",
        "openbsd",
        "netbsd",
        "sunos",
        "android"
      ],
      "bin": {
        "systeminformation": "lib/cli.js"
      },
      "engines": {
        "node": ">=8.0.0"
      }

    }
  },
  "dependencies": {
    "progress": {
      "version": "2.0.3",
      "resolved": "https://registry.npmjs.org/progress/-/progress-2.0.3.tgz",
      "integrity": "sha512-7PiHtLll5LdnKIMw100I+8xJXR5gW2QwWYkT6iJva0bXitZKa/XMrSbdmg3r2Xnaidz9Qumd0VPaMrZlF9V9sA=="
    },
    "systeminformation": {
      "version": "5.22.11",
      "resolved": "https://registry.npmjs.org/systeminformation/-/systeminformation-5.22.11.tgz",
      "integrity": "sha512-aLws5yi4KCHTb0BVvbodQY5bY8eW4asMRDTxTW46hqw9lGjACX6TlLdJrkdoHYRB0qs+MekqEq1zG7WDnWE8Ug=="
    }
  }
}
